// !$*UTF8*$!
{
	archiveVersion = 1;
	classes = {
	};
	objectVersion = 51;
	objects = {

/* Begin PBXBuildFile section */
		718DCA117154CAC83EC8C69D /* Pods_Movie_Database_App.framework in Frameworks */ = {isa = PBXBuildFile; fileRef = CC51F72E8F5268D685A915D6 /* Pods_Movie_Database_App.framework */; };
		BF27FFEC263D6F95006C503F /* MovieData.swift in Sources */ = {isa = PBXBuildFile; fileRef = BF27FFEB263D6F95006C503F /* MovieData.swift */; };
		BF5B8BFC263F8947006B8CC3 /* Main.storyboard in Resources */ = {isa = PBXBuildFile; fileRef = BF5B8BFA263F8947006B8CC3 /* Main.storyboard */; };
		BF6DD5432640D29300B27D7E /* SeriesData.swift in Sources */ = {isa = PBXBuildFile; fileRef = BF6DD5422640D29300B27D7E /* SeriesData.swift */; };
		BF6DD5452640D30D00B27D7E /* SeriesGenres.swift in Sources */ = {isa = PBXBuildFile; fileRef = BF6DD5442640D30D00B27D7E /* SeriesGenres.swift */; };
		BF7041C126400E07008E0F0B /* SeriesCell.swift in Sources */ = {isa = PBXBuildFile; fileRef = BF7041BF26400E07008E0F0B /* SeriesCell.swift */; };
		BF7041C226400E07008E0F0B /* SeriesCell.xib in Resources */ = {isa = PBXBuildFile; fileRef = BF7041C026400E07008E0F0B /* SeriesCell.xib */; };
		BF71FD4E263F4A2B00513218 /* MovieGenres.swift in Sources */ = {isa = PBXBuildFile; fileRef = BF71FD4D263F4A2B00513218 /* MovieGenres.swift */; };
		BF8830D42641516D0091CC50 /* DetailsViewController.swift in Sources */ = {isa = PBXBuildFile; fileRef = BF8830D32641516D0091CC50 /* DetailsViewController.swift */; };
		BF90C84B263CBC9B00CD921D /* SeriesViewController.swift in Sources */ = {isa = PBXBuildFile; fileRef = BF90C84A263CBC9B00CD921D /* SeriesViewController.swift */; };
		BFD52BA6263CA26100376DC5 /* AppDelegate.swift in Sources */ = {isa = PBXBuildFile; fileRef = BFD52BA5263CA26100376DC5 /* AppDelegate.swift */; };
		BFD52BA8263CA26100376DC5 /* SceneDelegate.swift in Sources */ = {isa = PBXBuildFile; fileRef = BFD52BA7263CA26100376DC5 /* SceneDelegate.swift */; };
		BFD52BAA263CA26100376DC5 /* MoviesViewController.swift in Sources */ = {isa = PBXBuildFile; fileRef = BFD52BA9263CA26100376DC5 /* MoviesViewController.swift */; };
		BFD52BAF263CA26300376DC5 /* Assets.xcassets in Resources */ = {isa = PBXBuildFile; fileRef = BFD52BAE263CA26300376DC5 /* Assets.xcassets */; };
		BFD52BB2263CA26300376DC5 /* LaunchScreen.storyboard in Resources */ = {isa = PBXBuildFile; fileRef = BFD52BB0263CA26300376DC5 /* LaunchScreen.storyboard */; };
		BFDDF976263DB35600C5603E /* MovieCell.swift in Sources */ = {isa = PBXBuildFile; fileRef = BFDDF974263DB35600C5603E /* MovieCell.swift */; };
		BFDDF977263DB35600C5603E /* MovieCell.xib in Resources */ = {isa = PBXBuildFile; fileRef = BFDDF975263DB35600C5603E /* MovieCell.xib */; };
		BFF778C9263DDD3C005D9472 /* c2bae53738c6805da1d994fa477cdb89.jpg in Resources */ = {isa = PBXBuildFile; fileRef = BFF778C8263DDD3C005D9472 /* c2bae53738c6805da1d994fa477cdb89.jpg */; };
/* End PBXBuildFile section */

/* Begin PBXFileReference section */
		1D64D355836EC7369CB04CDD /* Pods-Movie Database App.release.xcconfig */ = {isa = PBXFileReference; includeInIndex = 1; lastKnownFileType = text.xcconfig; name = "Pods-Movie Database App.release.xcconfig"; path = "Target Support Files/Pods-Movie Database App/Pods-Movie Database App.release.xcconfig"; sourceTree = "<group>"; };
		879333BA45C2D24579478A87 /* Pods-Movie Database App.debug.xcconfig */ = {isa = PBXFileReference; includeInIndex = 1; lastKnownFileType = text.xcconfig; name = "Pods-Movie Database App.debug.xcconfig"; path = "Target Support Files/Pods-Movie Database App/Pods-Movie Database App.debug.xcconfig"; sourceTree = "<group>"; };
		BF27FFEB263D6F95006C503F /* MovieData.swift */ = {isa = PBXFileReference; lastKnownFileType = sourcecode.swift; path = MovieData.swift; sourceTree = "<group>"; };
		BF5B8BFB263F8947006B8CC3 /* Base */ = {isa = PBXFileReference; lastKnownFileType = file.storyboard; name = Base; path = Base.lproj/Main.storyboard; sourceTree = "<group>"; };
		BF6DD5422640D29300B27D7E /* SeriesData.swift */ = {isa = PBXFileReference; lastKnownFileType = sourcecode.swift; path = SeriesData.swift; sourceTree = "<group>"; };
		BF6DD5442640D30D00B27D7E /* SeriesGenres.swift */ = {isa = PBXFileReference; lastKnownFileType = sourcecode.swift; path = SeriesGenres.swift; sourceTree = "<group>"; };
		BF7041BF26400E07008E0F0B /* SeriesCell.swift */ = {isa = PBXFileReference; lastKnownFileType = sourcecode.swift; path = SeriesCell.swift; sourceTree = "<group>"; };
		BF7041C026400E07008E0F0B /* SeriesCell.xib */ = {isa = PBXFileReference; lastKnownFileType = file.xib; path = SeriesCell.xib; sourceTree = "<group>"; };
		BF71FD4D263F4A2B00513218 /* MovieGenres.swift */ = {isa = PBXFileReference; lastKnownFileType = sourcecode.swift; path = MovieGenres.swift; sourceTree = "<group>"; };
		BF8830D32641516D0091CC50 /* DetailsViewController.swift */ = {isa = PBXFileReference; lastKnownFileType = sourcecode.swift; path = DetailsViewController.swift; sourceTree = "<group>"; };
		BF90C84A263CBC9B00CD921D /* SeriesViewController.swift */ = {isa = PBXFileReference; lastKnownFileType = sourcecode.swift; path = SeriesViewController.swift; sourceTree = "<group>"; };
		BFD52BA2263CA26100376DC5 /* Movie Database App.app */ = {isa = PBXFileReference; explicitFileType = wrapper.application; includeInIndex = 0; path = "Movie Database App.app"; sourceTree = BUILT_PRODUCTS_DIR; };
		BFD52BA5263CA26100376DC5 /* AppDelegate.swift */ = {isa = PBXFileReference; lastKnownFileType = sourcecode.swift; path = AppDelegate.swift; sourceTree = "<group>"; };
		BFD52BA7263CA26100376DC5 /* SceneDelegate.swift */ = {isa = PBXFileReference; lastKnownFileType = sourcecode.swift; path = SceneDelegate.swift; sourceTree = "<group>"; };
		BFD52BA9263CA26100376DC5 /* MoviesViewController.swift */ = {isa = PBXFileReference; lastKnownFileType = sourcecode.swift; path = MoviesViewController.swift; sourceTree = "<group>"; };
		BFD52BAE263CA26300376DC5 /* Assets.xcassets */ = {isa = PBXFileReference; lastKnownFileType = folder.assetcatalog; path = Assets.xcassets; sourceTree = "<group>"; };
		BFD52BB1263CA26300376DC5 /* Base */ = {isa = PBXFileReference; lastKnownFileType = file.storyboard; name = Base; path = Base.lproj/LaunchScreen.storyboard; sourceTree = "<group>"; };
		BFD52BB3263CA26300376DC5 /* Info.plist */ = {isa = PBXFileReference; lastKnownFileType = text.plist.xml; path = Info.plist; sourceTree = "<group>"; };
		BFDDF974263DB35600C5603E /* MovieCell.swift */ = {isa = PBXFileReference; lastKnownFileType = sourcecode.swift; path = MovieCell.swift; sourceTree = "<group>"; };
		BFDDF975263DB35600C5603E /* MovieCell.xib */ = {isa = PBXFileReference; lastKnownFileType = file.xib; path = MovieCell.xib; sourceTree = "<group>"; };
		BFF778C8263DDD3C005D9472 /* c2bae53738c6805da1d994fa477cdb89.jpg */ = {isa = PBXFileReference; lastKnownFileType = image.jpeg; path = c2bae53738c6805da1d994fa477cdb89.jpg; sourceTree = "<group>"; };
		CC51F72E8F5268D685A915D6 /* Pods_Movie_Database_App.framework */ = {isa = PBXFileReference; explicitFileType = wrapper.framework; includeInIndex = 0; path = Pods_Movie_Database_App.framework; sourceTree = BUILT_PRODUCTS_DIR; };
/* End PBXFileReference section */

/* Begin PBXFrameworksBuildPhase section */
		BFD52B9F263CA26100376DC5 /* Frameworks */ = {
			isa = PBXFrameworksBuildPhase;
			buildActionMask = 2147483647;
			files = (
				718DCA117154CAC83EC8C69D /* Pods_Movie_Database_App.framework in Frameworks */,
			);
			runOnlyForDeploymentPostprocessing = 0;
		};
/* End PBXFrameworksBuildPhase section */

/* Begin PBXGroup section */
		456DB07B91047B9139E78329 /* Pods */ = {
			isa = PBXGroup;
			children = (
				879333BA45C2D24579478A87 /* Pods-Movie Database App.debug.xcconfig */,
				1D64D355836EC7369CB04CDD /* Pods-Movie Database App.release.xcconfig */,
			);
			path = Pods;
			sourceTree = "<group>";
		};
		BF90C847263CBC2100CD921D /* Models */ = {
			isa = PBXGroup;
			children = (
				BF27FFEB263D6F95006C503F /* MovieData.swift */,
				BF71FD4D263F4A2B00513218 /* MovieGenres.swift */,
				BF6DD5422640D29300B27D7E /* SeriesData.swift */,
				BF6DD5442640D30D00B27D7E /* SeriesGenres.swift */,
			);
			path = Models;
			sourceTree = "<group>";
		};
		BF90C848263CBC2900CD921D /* Views */ = {
			isa = PBXGroup;
			children = (
				BF5B8BFA263F8947006B8CC3 /* Main.storyboard */,
				BFDDF974263DB35600C5603E /* MovieCell.swift */,
				BFDDF975263DB35600C5603E /* MovieCell.xib */,
				BF7041BF26400E07008E0F0B /* SeriesCell.swift */,
				BF7041C026400E07008E0F0B /* SeriesCell.xib */,
			);
			path = Views;
			sourceTree = "<group>";
		};
		BF90C849263CBC3A00CD921D /* Controllers */ = {
			isa = PBXGroup;
			children = (
				BFD52BA9263CA26100376DC5 /* MoviesViewController.swift */,
				BF90C84A263CBC9B00CD921D /* SeriesViewController.swift */,
				BF8830D32641516D0091CC50 /* DetailsViewController.swift */,
			);
			path = Controllers;
			sourceTree = "<group>";
		};
		BFD52B99263CA26100376DC5 = {
			isa = PBXGroup;
			children = (
				BFD52BA4263CA26100376DC5 /* Movie Database App */,
				BFD52BA3263CA26100376DC5 /* Products */,
				456DB07B91047B9139E78329 /* Pods */,
				C0FC8604E53DAD2C17FD968E /* Frameworks */,
				BFF778C8263DDD3C005D9472 /* c2bae53738c6805da1d994fa477cdb89.jpg */,
			);
			sourceTree = "<group>";
		};
		BFD52BA3263CA26100376DC5 /* Products */ = {
			isa = PBXGroup;
			children = (
				BFD52BA2263CA26100376DC5 /* Movie Database App.app */,
			);
			name = Products;
			sourceTree = "<group>";
		};
		BFD52BA4263CA26100376DC5 /* Movie Database App */ = {
			isa = PBXGroup;
			children = (
				BF90C847263CBC2100CD921D /* Models */,
				BF90C848263CBC2900CD921D /* Views */,
				BF90C849263CBC3A00CD921D /* Controllers */,
				BFD52BA5263CA26100376DC5 /* AppDelegate.swift */,
				BFD52BA7263CA26100376DC5 /* SceneDelegate.swift */,
				BFD52BAE263CA26300376DC5 /* Assets.xcassets */,
				BFD52BB0263CA26300376DC5 /* LaunchScreen.storyboard */,
				BFD52BB3263CA26300376DC5 /* Info.plist */,
			);
			path = "Movie Database App";
			sourceTree = "<group>";
		};
		C0FC8604E53DAD2C17FD968E /* Frameworks */ = {
			isa = PBXGroup;
			children = (
				CC51F72E8F5268D685A915D6 /* Pods_Movie_Database_App.framework */,
			);
			name = Frameworks;
			sourceTree = "<group>";
		};
/* End PBXGroup section */

/* Begin PBXNativeTarget section */
		BFD52BA1263CA26100376DC5 /* Movie Database App */ = {
			isa = PBXNativeTarget;
			buildConfigurationList = BFD52BB6263CA26300376DC5 /* Build configuration list for PBXNativeTarget "Movie Database App" */;
			buildPhases = (
				C6C021D5BB7D6DF310B5BE89 /* [CP] Check Pods Manifest.lock */,
				BFD52B9E263CA26100376DC5 /* Sources */,
				BFD52B9F263CA26100376DC5 /* Frameworks */,
				BFD52BA0263CA26100376DC5 /* Resources */,
				208F12C98CA4B6B259FE95B9 /* [CP] Embed Pods Frameworks */,
			);
			buildRules = (
			);
			dependencies = (
			);
			name = "Movie Database App";
			productName = "Movie Database App";
			productReference = BFD52BA2263CA26100376DC5 /* Movie Database App.app */;
			productType = "com.apple.product-type.application";
		};
/* End PBXNativeTarget section */

/* Begin PBXProject section */
		BFD52B9A263CA26100376DC5 /* Project object */ = {
			isa = PBXProject;
			attributes = {
				LastSwiftUpdateCheck = 1250;
				LastUpgradeCheck = 1250;
				TargetAttributes = {
					BFD52BA1263CA26100376DC5 = {
						CreatedOnToolsVersion = 12.5;
					};
				};
			};
			buildConfigurationList = BFD52B9D263CA26100376DC5 /* Build configuration list for PBXProject "Movie Database App" */;
			compatibilityVersion = "Xcode 9.3";
			developmentRegion = en;
			hasScannedForEncodings = 0;
			knownRegions = (
				en,
				Base,
			);
			mainGroup = BFD52B99263CA26100376DC5;
			productRefGroup = BFD52BA3263CA26100376DC5 /* Products */;
			projectDirPath = "";
			projectRoot = "";
			targets = (
				BFD52BA1263CA26100376DC5 /* Movie Database App */,
			);
		};
/* End PBXProject section */

/* Begin PBXResourcesBuildPhase section */
		BFD52BA0263CA26100376DC5 /* Resources */ = {
			isa = PBXResourcesBuildPhase;
			buildActionMask = 2147483647;
			files = (
				BFD52BB2263CA26300376DC5 /* LaunchScreen.storyboard in Resources */,
				BF5B8BFC263F8947006B8CC3 /* Main.storyboard in Resources */,
				BFD52BAF263CA26300376DC5 /* Assets.xcassets in Resources */,
				BFDDF977263DB35600C5603E /* MovieCell.xib in Resources */,
				BF7041C226400E07008E0F0B /* SeriesCell.xib in Resources */,
				BFF778C9263DDD3C005D9472 /* c2bae53738c6805da1d994fa477cdb89.jpg in Resources */,
			);
			runOnlyForDeploymentPostprocessing = 0;
		};
/* End PBXResourcesBuildPhase section */

/* Begin PBXShellScriptBuildPhase section */
		208F12C98CA4B6B259FE95B9 /* [CP] Embed Pods Frameworks */ = {
			isa = PBXShellScriptBuildPhase;
			buildActionMask = 2147483647;
			files = (
			);
			inputFileListPaths = (
				"${PODS_ROOT}/Target Support Files/Pods-Movie Database App/Pods-Movie Database App-frameworks-${CONFIGURATION}-input-files.xcfilelist",
			);
			name = "[CP] Embed Pods Frameworks";
			outputFileListPaths = (
				"${PODS_ROOT}/Target Support Files/Pods-Movie Database App/Pods-Movie Database App-frameworks-${CONFIGURATION}-output-files.xcfilelist",
			);
			runOnlyForDeploymentPostprocessing = 0;
			shellPath = /bin/sh;
			shellScript = "\"${PODS_ROOT}/Target Support Files/Pods-Movie Database App/Pods-Movie Database App-frameworks.sh\"\n";
			showEnvVarsInLog = 0;
		};
		C6C021D5BB7D6DF310B5BE89 /* [CP] Check Pods Manifest.lock */ = {
			isa = PBXShellScriptBuildPhase;
			buildActionMask = 2147483647;
			files = (
			);
			inputFileListPaths = (
			);
			inputPaths = (
				"${PODS_PODFILE_DIR_PATH}/Podfile.lock",
				"${PODS_ROOT}/Manifest.lock",
			);
			name = "[CP] Check Pods Manifest.lock";
			outputFileListPaths = (
			);
			outputPaths = (
				"$(DERIVED_FILE_DIR)/Pods-Movie Database App-checkManifestLockResult.txt",
			);
			runOnlyForDeploymentPostprocessing = 0;
			shellPath = /bin/sh;
			shellScript = "diff \"${PODS_PODFILE_DIR_PATH}/Podfile.lock\" \"${PODS_ROOT}/Manifest.lock\" > /dev/null\nif [ $? != 0 ] ; then\n    # print error to STDERR\n    echo \"error: The sandbox is not in sync with the Podfile.lock. Run 'pod install' or update your CocoaPods installation.\" >&2\n    exit 1\nfi\n# This output is used by Xcode 'outputs' to avoid re-running this script phase.\necho \"SUCCESS\" > \"${SCRIPT_OUTPUT_FILE_0}\"\n";
			showEnvVarsInLog = 0;
		};
/* End PBXShellScriptBuildPhase section */

/* Begin PBXSourcesBuildPhase section */
		BFD52B9E263CA26100376DC5 /* Sources */ = {
			isa = PBXSourcesBuildPhase;
			buildActionMask = 2147483647;
			files = (
				BFD52BAA263CA26100376DC5 /* MoviesViewController.swift in Sources */,
				BFD52BA6263CA26100376DC5 /* AppDelegate.swift in Sources */,
				BF6DD5452640D30D00B27D7E /* SeriesGenres.swift in Sources */,
				BF8830D42641516D0091CC50 /* DetailsViewController.swift in Sources */,
				BFDDF976263DB35600C5603E /* MovieCell.swift in Sources */,
				BFD52BA8263CA26100376DC5 /* SceneDelegate.swift in Sources */,
				BF27FFEC263D6F95006C503F /* MovieData.swift in Sources */,
				BF90C84B263CBC9B00CD921D /* SeriesViewController.swift in Sources */,
				BF7041C126400E07008E0F0B /* SeriesCell.swift in Sources */,
				BF71FD4E263F4A2B00513218 /* MovieGenres.swift in Sources */,
				BF6DD5432640D29300B27D7E /* SeriesData.swift in Sources */,
			);
			runOnlyForDeploymentPostprocessing = 0;
		};
/* End PBXSourcesBuildPhase section */

/* Begin PBXVariantGroup section */
		BF5B8BFA263F8947006B8CC3 /* Main.storyboard */ = {
			isa = PBXVariantGroup;
			children = (
				BF5B8BFB263F8947006B8CC3 /* Base */,
			);
			name = Main.storyboard;
			sourceTree = "<group>";
		};
		BFD52BB0263CA26300376DC5 /* LaunchScreen.storyboard */ = {
			isa = PBXVariantGroup;
			children = (
				BFD52BB1263CA26300376DC5 /* Base */,
			);
			name = LaunchScreen.storyboard;
			sourceTree = "<group>";
		};
/* End PBXVariantGroup section */

/* Begin XCBuildConfiguration section */
		BFD52BB4263CA26300376DC5 /* Debug */ = {
			isa = XCBuildConfiguration;
			buildSettings = {
				ALWAYS_SEARCH_USER_PATHS = NO;
				CLANG_ANALYZER_NONNULL = YES;
				CLANG_ANALYZER_NUMBER_OBJECT_CONVERSION = YES_AGGRESSIVE;
				CLANG_CXX_LANGUAGE_STANDARD = "gnu++14";
				CLANG_CXX_LIBRARY = "libc++";
				CLANG_ENABLE_MODULES = YES;
				CLANG_ENABLE_OBJC_ARC = YES;
				CLANG_ENABLE_OBJC_WEAK = YES;
				CLANG_WARN_BLOCK_CAPTURE_AUTORELEASING = YES;
				CLANG_WARN_BOOL_CONVERSION = YES;
				CLANG_WARN_COMMA = YES;
				CLANG_WARN_CONSTANT_CONVERSION = YES;
				CLANG_WARN_DEPRECATED_OBJC_IMPLEMENTATIONS = YES;
				CLANG_WARN_DIRECT_OBJC_ISA_USAGE = YES_ERROR;
				CLANG_WARN_DOCUMENTATION_COMMENTS = YES;
				CLANG_WARN_EMPTY_BODY = YES;
				CLANG_WARN_ENUM_CONVERSION = YES;
				CLANG_WARN_INFINITE_RECURSION = YES;
				CLANG_WARN_INT_CONVERSION = YES;
				CLANG_WARN_NON_LITERAL_NULL_CONVERSION = YES;
				CLANG_WARN_OBJC_IMPLICIT_RETAIN_SELF = YES;
				CLANG_WARN_OBJC_LITERAL_CONVERSION = YES;
				CLANG_WARN_OBJC_ROOT_CLASS = YES_ERROR;
				CLANG_WARN_QUOTED_INCLUDE_IN_FRAMEWORK_HEADER = YES;
				CLANG_WARN_RANGE_LOOP_ANALYSIS = YES;
				CLANG_WARN_STRICT_PROTOTYPES = YES;
				CLANG_WARN_SUSPICIOUS_MOVE = YES;
				CLANG_WARN_UNGUARDED_AVAILABILITY = YES_AGGRESSIVE;
				CLANG_WARN_UNREACHABLE_CODE = YES;
				CLANG_WARN__DUPLICATE_METHOD_MATCH = YES;
				COPY_PHASE_STRIP = NO;
				DEBUG_INFORMATION_FORMAT = dwarf;
				ENABLE_STRICT_OBJC_MSGSEND = YES;
				ENABLE_TESTABILITY = YES;
				GCC_C_LANGUAGE_STANDARD = gnu11;
				GCC_DYNAMIC_NO_PIC = NO;
				GCC_NO_COMMON_BLOCKS = YES;
				GCC_OPTIMIZATION_LEVEL = 0;
				GCC_PREPROCESSOR_DEFINITIONS = (
					"DEBUG=1",
					"$(inherited)",
				);
				GCC_WARN_64_TO_32_BIT_CONVERSION = YES;
				GCC_WARN_ABOUT_RETURN_TYPE = YES_ERROR;
				GCC_WARN_UNDECLARED_SELECTOR = YES;
				GCC_WARN_UNINITIALIZED_AUTOS = YES_AGGRESSIVE;
				GCC_WARN_UNUSED_FUNCTION = YES;
				GCC_WARN_UNUSED_VARIABLE = YES;
				IPHONEOS_DEPLOYMENT_TARGET = 14.5;
				MTL_ENABLE_DEBUG_INFO = INCLUDE_SOURCE;
				MTL_FAST_MATH = YES;
				ONLY_ACTIVE_ARCH = YES;
				SDKROOT = iphoneos;
				SWIFT_ACTIVE_COMPILATION_CONDITIONS = DEBUG;
				SWIFT_OPTIMIZATION_LEVEL = "-Onone";
			};
			name = Debug;
		};
		BFD52BB5263CA26300376DC5 /* Release */ = {
			isa = XCBuildConfiguration;
			buildSettings = {
				ALWAYS_SEARCH_USER_PATHS = NO;
				CLANG_ANALYZER_NONNULL = YES;
				CLANG_ANALYZER_NUMBER_OBJECT_CONVERSION = YES_AGGRESSIVE;
				CLANG_CXX_LANGUAGE_STANDARD = "gnu++14";
				CLANG_CXX_LIBRARY = "libc++";
				CLANG_ENABLE_MODULES = YES;
				CLANG_ENABLE_OBJC_ARC = YES;
				CLANG_ENABLE_OBJC_WEAK = YES;
				CLANG_WARN_BLOCK_CAPTURE_AUTORELEASING = YES;
				CLANG_WARN_BOOL_CONVERSION = YES;
				CLANG_WARN_COMMA = YES;
				CLANG_WARN_CONSTANT_CONVERSION = YES;
				CLANG_WARN_DEPRECATED_OBJC_IMPLEMENTATIONS = YES;
				CLANG_WARN_DIRECT_OBJC_ISA_USAGE = YES_ERROR;
				CLANG_WARN_DOCUMENTATION_COMMENTS = YES;
				CLANG_WARN_EMPTY_BODY = YES;
				CLANG_WARN_ENUM_CONVERSION = YES;
				CLANG_WARN_INFINITE_RECURSION = YES;
				CLANG_WARN_INT_CONVERSION = YES;
				CLANG_WARN_NON_LITERAL_NULL_CONVERSION = YES;
				CLANG_WARN_OBJC_IMPLICIT_RETAIN_SELF = YES;
				CLANG_WARN_OBJC_LITERAL_CONVERSION = YES;
				CLANG_WARN_OBJC_ROOT_CLASS = YES_ERROR;
				CLANG_WARN_QUOTED_INCLUDE_IN_FRAMEWORK_HEADER = YES;
				CLANG_WARN_RANGE_LOOP_ANALYSIS = YES;
				CLANG_WARN_STRICT_PROTOTYPES = YES;
				CLANG_WARN_SUSPICIOUS_MOVE = YES;
				CLANG_WARN_UNGUARDED_AVAILABILITY = YES_AGGRESSIVE;
				CLANG_WARN_UNREACHABLE_CODE = YES;
				CLANG_WARN__DUPLICATE_METHOD_MATCH = YES;
				COPY_PHASE_STRIP = NO;
				DEBUG_INFORMATION_FORMAT = "dwarf-with-dsym";
				ENABLE_NS_ASSERTIONS = NO;
				ENABLE_STRICT_OBJC_MSGSEND = YES;
				GCC_C_LANGUAGE_STANDARD = gnu11;
				GCC_NO_COMMON_BLOCKS = YES;
				GCC_WARN_64_TO_32_BIT_CONVERSION = YES;
				GCC_WARN_ABOUT_RETURN_TYPE = YES_ERROR;
				GCC_WARN_UNDECLARED_SELECTOR = YES;
				GCC_WARN_UNINITIALIZED_AUTOS = YES_AGGRESSIVE;
				GCC_WARN_UNUSED_FUNCTION = YES;
				GCC_WARN_UNUSED_VARIABLE = YES;
				IPHONEOS_DEPLOYMENT_TARGET = 14.5;
				MTL_ENABLE_DEBUG_INFO = NO;
				MTL_FAST_MATH = YES;
				SDKROOT = iphoneos;
				SWIFT_COMPILATION_MODE = wholemodule;
				SWIFT_OPTIMIZATION_LEVEL = "-O";
				VALIDATE_PRODUCT = YES;
			};
			name = Release;
		};
		BFD52BB7263CA26300376DC5 /* Debug */ = {
			isa = XCBuildConfiguration;
			baseConfigurationReference = 879333BA45C2D24579478A87 /* Pods-Movie Database App.debug.xcconfig */;
			buildSettings = {
				ASSETCATALOG_COMPILER_APPICON_NAME = AppIcon;
				ASSETCATALOG_COMPILER_GLOBAL_ACCENT_COLOR_NAME = AccentColor;
				CODE_SIGN_STYLE = Automatic;
				DEVELOPMENT_TEAM = 7T54WZ2884;
				INFOPLIST_FILE = "Movie Database App/Info.plist";
				LD_RUNPATH_SEARCH_PATHS = (
					"$(inherited)",
					"@executable_path/Frameworks",
				);
				PRODUCT_BUNDLE_IDENTIFIER = "com.hasanaygunoglu.Movie-Database-App";
				PRODUCT_NAME = "$(TARGET_NAME)";
				SWIFT_VERSION = 5.0;
				TARGETED_DEVICE_FAMILY = "1,2";
			};
			name = Debug;
		};
		BFD52BB8263CA26300376DC5 /* Release */ = {
			isa = XCBuildConfiguration;
			baseConfigurationReference = 1D64D355836EC7369CB04CDD /* Pods-Movie Database App.release.xcconfig */;
			buildSettings = {
				ASSETCATALOG_COMPILER_APPICON_NAME = AppIcon;
				ASSETCATALOG_COMPILER_GLOBAL_ACCENT_COLOR_NAME = AccentColor;
				CODE_SIGN_STYLE = Automatic;
				DEVELOPMENT_TEAM = 7T54WZ2884;
				INFOPLIST_FILE = "Movie Database App/Info.plist";
				LD_RUNPATH_SEARCH_PATHS = (
					"$(inherited)",
					"@executable_path/Frameworks",
				);
				PRODUCT_BUNDLE_IDENTIFIER = "com.hasanaygunoglu.Movie-Database-App";
				PRODUCT_NAME = "$(TARGET_NAME)";
				SWIFT_VERSION = 5.0;
				TARGETED_DEVICE_FAMILY = "1,2";
			};
			name = Release;
		};
/* End XCBuildConfiguration section */

/* Begin XCConfigurationList section */
		BFD52B9D263CA26100376DC5 /* Build configuration list for PBXProject "Movie Database App" */ = {
			isa = XCConfigurationList;
			buildConfigurations = (
				BFD52BB4263CA26300376DC5 /* Debug */,
				BFD52BB5263CA26300376DC5 /* Release */,
			);
			defaultConfigurationIsVisible = 0;
			defaultConfigurationName = Release;
		};
		BFD52BB6263CA26300376DC5 /* Build configuration list for PBXNativeTarget "Movie Database App" */ = {
			isa = XCConfigurationList;
			buildConfigurations = (
				BFD52BB7263CA26300376DC5 /* Debug */,
				BFD52BB8263CA26300376DC5 /* Release */,
			);
			defaultConfigurationIsVisible = 0;
			defaultConfigurationName = Release;
		};
/* End XCConfigurationList section */
	};
	rootObject = BFD52B9A263CA26100376DC5 /* Project object */;
}
